
Microsoft Visual Studio Solution File, Format Version 12.00
# Visual Studio Version 17
VisualStudioVersion = 17.9.34616.47
MinimumVisualStudioVersion = 10.0.40219.1
Project("{FAE04EC0-301F-11D3-BF4B-00C04F79EFBC}") = "CP4_RM98251", "CP4_RM98251.csproj", "{4220D0D8-25CE-422E-8BE7-D935825985F2}"
EndProject
Global
	GlobalSection(SolutionConfigurationPlatforms) = preSolution
		Debug|Any CPU = Debug|Any CPU
		Release|Any CPU = Release|Any CPU
	EndGlobalSection
	GlobalSection(ProjectConfigurationPlatforms) = postSolution
		{4220D0D8-25CE-422E-8BE7-D935825985F2}.Debug|Any CPU.ActiveCfg = Debug|Any CPU
		{4220D0D8-25CE-422E-8BE7-D935825985F2}.Debug|Any CPU.Build.0 = Debug|Any CPU
		{4220D0D8-25CE-422E-8BE7-D935825985F2}.Release|Any CPU.ActiveCfg = Release|Any CPU
		{4220D0D8-25CE-422E-8BE7-D935825985F2}.Release|Any CPU.Build.0 = Release|Any CPU
	EndGlobalSection
	GlobalSection(SolutionProperties) = preSolution
		HideSolutionNode = FALSE
	EndGlobalSection
	GlobalSection(ExtensibilityGlobals) = postSolution
		SolutionGuid = {C7F547C1-A70F-4A45-A17D-098E3BCF5F66}
	EndGlobalSection
EndGlobal
